# THIS IS AN AUTOGENERATED FILE. DO NOT EDIT THIS FILE DIRECTLY.
# yarn lockfile v1


commander@~2.11.0:
  version "2.11.0"
  resolved "https://registry.yarnpkg.com/commander/-/commander-2.11.0.tgz#157152fd1e7a6c8d98a5b715cf376df928004563"

source-map@~0.5.1:
  version "0.5.7"
  resolved "https://registry.yarnpkg.com/source-map/-/source-map-0.5.7.tgz#8a039d2d1021d22d1ea14c80d8ea468ba2ef3fcc"

uglify-es@^3.0.28:
  version "3.0.28"
  resolved "https://registry.yarnpkg.com/uglify-es/-/uglify-es-3.0.28.tgz#1cdedbbcdb7865223065281ad7b2347629851d4b"
  dependencies:
    commander "~2.11.0"
    source-map "~0.5.1"
